<?xml version="1.0" encoding="utf-8"?>
<Project ToolsVersion="4.0" xmlns="http://schemas.microsoft.com/developer/msbuild/2003">
  <ItemGroup>
    <Filter Include="Form Files">
      <UniqueIdentifier>{99349809-55BA-4b9d-BF79-8FDBB0286EB3}</UniqueIdentifier>
      <Extensions>ui</Extensions>
      <ParseFiles>false</ParseFiles>
    </Filter>
    <Filter Include="Form Files">
      <UniqueIdentifier>{99349809-55BA-4b9d-BF79-8FDBB0286EB3}</UniqueIdentifier>
      <Extensions>ui</Extensions>
      <ParseFiles>false</ParseFiles>
    </Filter>
    <Filter Include="Generated Files">
      <UniqueIdentifier>{71ED8ED8-ACB9-4CE9-BBE1-E00B30144E11}</UniqueIdentifier>
      <Extensions>cpp;c;cxx;moc;h;def;odl;idl;res;</Extensions>
    </Filter>
    <Filter Include="Generated Files">
      <UniqueIdentifier>{71ED8ED8-ACB9-4CE9-BBE1-E00B30144E11}</UniqueIdentifier>
      <Extensions>cpp;c;cxx;moc;h;def;odl;idl;res;</Extensions>
    </Filter>
    <Filter Include="Header Files">
      <UniqueIdentifier>{93995380-89BD-4b04-88EB-625FBE52EBFB}</UniqueIdentifier>
      <Extensions>h;hpp;hxx;hm;inl;inc;xsd</Extensions>
    </Filter>
    <Filter Include="Header Files">
      <UniqueIdentifier>{93995380-89BD-4b04-88EB-625FBE52EBFB}</UniqueIdentifier>
      <Extensions>h;hpp;hxx;hm;inl;inc;xsd</Extensions>
    </Filter>
    <Filter Include="Source Files">
      <UniqueIdentifier>{4FC737F1-C7A5-4376-A066-2A32D752A2FF}</UniqueIdentifier>
      <Extensions>cpp;c;cxx;def;odl;idl;hpj;bat;asm;asmx</Extensions>
    </Filter>
    <Filter Include="Source Files">
      <UniqueIdentifier>{4FC737F1-C7A5-4376-A066-2A32D752A2FF}</UniqueIdentifier>
      <Extensions>cpp;c;cxx;def;odl;idl;hpj;bat;asm;asmx</Extensions>
    </Filter>
    <Filter Include="Generated Files\Release">
      <UniqueIdentifier>{c3bec4e8-22e1-43c3-9e56-565d3d4a3fad}</UniqueIdentifier>
      <Extensions>cpp;moc</Extensions>
      <SourceControlFiles>False</SourceControlFiles>
    </Filter>
    <Filter Include="Generated Files\Debug">
      <UniqueIdentifier>{3094e23b-1fb4-4885-b6d5-7fee71363f70}</UniqueIdentifier>
      <Extensions>cpp;moc</Extensions>
      <SourceControlFiles>False</SourceControlFiles>
    </Filter>
  </ItemGroup>
  <ItemGroup>
    <ClCompile Include="..\gpp_qt\bar\bar.cpp">
      <Filter>Source Files</Filter>
    </ClCompile>
    <ClCompile Include="..\gpp_qt\bar\bars.cpp">
      <Filter>Source Files</Filter>
    </ClCompile>
    <ClCompile Include="..\gpp_qt\bar\bars_manage.cpp">
      <Filter>Source Files</Filter>
    </ClCompile>
    <ClCompile Include="..\gpp_qt\cfg\cfg.cpp">
      <Filter>Source Files</Filter>
    </ClCompile>
    <ClCompile Include="ctp_quote.cpp">
      <Filter>Source Files</Filter>
    </ClCompile>
    <ClCompile Include="ctp_quote_qthread.cpp">
      <Filter>Source Files</Filter>
    </ClCompile>
    <ClCompile Include="ctp_trade.cpp">
      <Filter>Source Files</Filter>
    </ClCompile>
    <ClCompile Include="..\gpp_qt\log_info\log_info.cpp">
      <Filter>Source Files</Filter>
    </ClCompile>
    <ClCompile Include="main.cpp">
      <Filter>Source Files</Filter>
    </ClCompile>
    <ClCompile Include="mainwindow.cpp">
      <Filter>Source Files</Filter>
    </ClCompile>
    <ClCompile Include="..\gpp_qt\wfunction\wfunction.cpp">
      <Filter>Source Files</Filter>
    </ClCompile>
    <ClCompile Include="..\gpp_qt\wtimer\wtimer.cpp">
      <Filter>Source Files</Filter>
    </ClCompile>
    <ClCompile Include="Release\moc_ctp_quote_qthread.cpp">
      <Filter>Generated Files\Release</Filter>
    </ClCompile>
    <ClCompile Include="Debug\moc_ctp_quote_qthread.cpp">
      <Filter>Generated Files\Debug</Filter>
    </ClCompile>
    <ClCompile Include="Release\moc_mainwindow.cpp">
      <Filter>Generated Files\Release</Filter>
    </ClCompile>
    <ClCompile Include="Debug\moc_mainwindow.cpp">
      <Filter>Generated Files\Debug</Filter>
    </ClCompile>
    <ClCompile Include="Release\moc_ctp_log.cpp">
      <Filter>Generated Files\Release</Filter>
    </ClCompile>
    <ClCompile Include="Debug\moc_ctp_log.cpp">
      <Filter>Generated Files\Debug</Filter>
    </ClCompile>
    <ClCompile Include="ctp_log.cpp">
      <Filter>Source Files</Filter>
    </ClCompile>
  </ItemGroup>
  <ItemGroup>
    <ClInclude Include="ctp\ThostFtdcMdApi.h">
      <Filter>Header Files</Filter>
    </ClInclude>
    <ClInclude Include="ctp\ThostFtdcTraderApi.h">
      <Filter>Header Files</Filter>
    </ClInclude>
    <ClInclude Include="..\gpp_qt\bar\bar.h">
      <Filter>Header Files</Filter>
    </ClInclude>
    <ClInclude Include="..\gpp_qt\bar\bars.h">
      <Filter>Header Files</Filter>
    </ClInclude>
    <ClInclude Include="..\gpp_qt\bar\bars_manage.h">
      <Filter>Header Files</Filter>
    </ClInclude>
    <ClInclude Include="..\gpp_qt\cfg\cfg.h">
      <Filter>Header Files</Filter>
    </ClInclude>
    <ClInclude Include="ctp_quote.h">
      <Filter>Header Files</Filter>
    </ClInclude>
    <CustomBuild Include="ctp_quote_qthread.h">
      <Filter>Header Files</Filter>
    </CustomBuild>
    <ClInclude Include="ctp_trade.h">
      <Filter>Header Files</Filter>
    </ClInclude>
    <ClInclude Include="..\gpp_qt\log_info\log_info.h">
      <Filter>Header Files</Filter>
    </ClInclude>
    <CustomBuild Include="mainwindow.h">
      <Filter>Header Files</Filter>
    </CustomBuild>
    <ClInclude Include="..\gpp_qt\wfunction\wfunction.h">
      <Filter>Header Files</Filter>
    </ClInclude>
    <ClInclude Include="..\gpp_qt\wtimer\wtimer.h">
      <Filter>Header Files</Filter>
    </ClInclude>
    <ClInclude Include="GeneratedFiles\ui_mainwindow.h">
      <Filter>Generated Files</Filter>
    </ClInclude>
  </ItemGroup>
  <ItemGroup>
    <CustomBuild Include="mainwindow.ui">
      <Filter>Form Files</Filter>
    </CustomBuild>
    <CustomBuild Include="ctp_log.h">
      <Filter>Header Files</Filter>
    </CustomBuild>
  </ItemGroup>
</Project>